
Microsoft Visual Studio Solution File, Format Version 12.00
# Visual Studio Version 17
VisualStudioVersion = 17.3.32901.215
MinimumVisualStudioVersion = 10.0.40219.1
Project("{FAE04EC0-301F-11D3-BF4B-00C04F79EFBC}") = "derstextboks", "derstextboks\derstextboks.csproj", "{D7FF5846-BA99-41D3-A12E-E81A9864309D}"
EndProject
Global
	GlobalSection(SolutionConfigurationPlatforms) = preSolution
		Debug|Any CPU = Debug|Any CPU
		Release|Any CPU = Release|Any CPU
	EndGlobalSection
	GlobalSection(ProjectConfigurationPlatforms) = postSolution
		{D7FF5846-BA99-41D3-A12E-E81A9864309D}.Debug|Any CPU.ActiveCfg = Debug|Any CPU
		{D7FF5846-BA99-41D3-A12E-E81A9864309D}.Debug|Any CPU.Build.0 = Debug|Any CPU
		{D7FF5846-BA99-41D3-A12E-E81A9864309D}.Release|Any CPU.ActiveCfg = Release|Any CPU
		{D7FF5846-BA99-41D3-A12E-E81A9864309D}.Release|Any CPU.Build.0 = Release|Any CPU
	EndGlobalSection
	GlobalSection(SolutionProperties) = preSolution
		HideSolutionNode = FALSE
	EndGlobalSection
	GlobalSection(ExtensibilityGlobals) = postSolution
		SolutionGuid = {038B39F0-C1D1-4D2E-9390-897D5592E1E4}
	EndGlobalSection
EndGlobal
